
Microsoft Visual Studio Solution File, Format Version 12.00
# Visual Studio Version 16
VisualStudioVersion = 16.0.29806.167
MinimumVisualStudioVersion = 10.0.40219.1
Project("{FAE04EC0-301F-11D3-BF4B-00C04F79EFBC}") = "AppSharp", "AppSharp\AppSharp.csproj", "{ECA98505-4478-47D9-9399-9259FCB69DE1}"
EndProject
Project("{FAE04EC0-301F-11D3-BF4B-00C04F79EFBC}") = "SharpUpdate", "SharpUpdate\SharpUpdate.csproj", "{936665C0-3A7A-4ED0-9E9D-BEB6C5B3C1F2}"
EndProject
Global
	GlobalSection(SolutionConfigurationPlatforms) = preSolution
		Debug|Any CPU = Debug|Any CPU
		Release|Any CPU = Release|Any CPU
	EndGlobalSection
	GlobalSection(ProjectConfigurationPlatforms) = postSolution
		{ECA98505-4478-47D9-9399-9259FCB69DE1}.Debug|Any CPU.ActiveCfg = Debug|Any CPU
		{ECA98505-4478-47D9-9399-9259FCB69DE1}.Debug|Any CPU.Build.0 = Debug|Any CPU
		{ECA98505-4478-47D9-9399-9259FCB69DE1}.Release|Any CPU.ActiveCfg = Release|Any CPU
		{ECA98505-4478-47D9-9399-9259FCB69DE1}.Release|Any CPU.Build.0 = Release|Any CPU
		{936665C0-3A7A-4ED0-9E9D-BEB6C5B3C1F2}.Debug|Any CPU.ActiveCfg = Debug|Any CPU
		{936665C0-3A7A-4ED0-9E9D-BEB6C5B3C1F2}.Debug|Any CPU.Build.0 = Debug|Any CPU
		{936665C0-3A7A-4ED0-9E9D-BEB6C5B3C1F2}.Release|Any CPU.ActiveCfg = Release|Any CPU
		{936665C0-3A7A-4ED0-9E9D-BEB6C5B3C1F2}.Release|Any CPU.Build.0 = Release|Any CPU
	EndGlobalSection
	GlobalSection(SolutionProperties) = preSolution
		HideSolutionNode = FALSE
	EndGlobalSection
	GlobalSection(ExtensibilityGlobals) = postSolution
		SolutionGuid = {0D3B4052-D967-4B54-83AB-F2DDD59FF50B}
	EndGlobalSection
EndGlobal
